
Microsoft Visual Studio Solution File, Format Version 12.00
# Visual Studio Version 17
VisualStudioVersion = 17.9.34616.47
MinimumVisualStudioVersion = 10.0.40219.1
Project("{FAE04EC0-301F-11D3-BF4B-00C04F79EFBC}") = "Capital Quiz", "Capital Quiz.csproj", "{CD3A7638-A18F-433A-BC53-BFF32DA63291}"
EndProject
Global
	GlobalSection(SolutionConfigurationPlatforms) = preSolution
		Debug|Any CPU = Debug|Any CPU
		Release|Any CPU = Release|Any CPU
	EndGlobalSection
	GlobalSection(ProjectConfigurationPlatforms) = postSolution
		{CD3A7638-A18F-433A-BC53-BFF32DA63291}.Debug|Any CPU.ActiveCfg = Debug|Any CPU
		{CD3A7638-A18F-433A-BC53-BFF32DA63291}.Debug|Any CPU.Build.0 = Debug|Any CPU
		{CD3A7638-A18F-433A-BC53-BFF32DA63291}.Release|Any CPU.ActiveCfg = Release|Any CPU
		{CD3A7638-A18F-433A-BC53-BFF32DA63291}.Release|Any CPU.Build.0 = Release|Any CPU
	EndGlobalSection
	GlobalSection(SolutionProperties) = preSolution
		HideSolutionNode = FALSE
	EndGlobalSection
	GlobalSection(ExtensibilityGlobals) = postSolution
		SolutionGuid = {EC77D1B3-95CF-4926-8B06-D7BAA279F864}
	EndGlobalSection
EndGlobal
